
Microsoft Visual Studio Solution File, Format Version 12.00
# Visual Studio Version 17
VisualStudioVersion = 17.10.35027.167
MinimumVisualStudioVersion = 10.0.40219.1
Project("{FAE04EC0-301F-11D3-BF4B-00C04F79EFBC}") = "DynamicComponent", "DynamicComponent\DynamicComponent.csproj", "{11E05891-EC19-4230-BFB4-ABE59CA2092F}"
EndProject
Global
	GlobalSection(SolutionConfigurationPlatforms) = preSolution
		Debug|Any CPU = Debug|Any CPU
		Release|Any CPU = Release|Any CPU
	EndGlobalSection
	GlobalSection(ProjectConfigurationPlatforms) = postSolution
		{11E05891-EC19-4230-BFB4-ABE59CA2092F}.Debug|Any CPU.ActiveCfg = Debug|Any CPU
		{11E05891-EC19-4230-BFB4-ABE59CA2092F}.Debug|Any CPU.Build.0 = Debug|Any CPU
		{11E05891-EC19-4230-BFB4-ABE59CA2092F}.Release|Any CPU.ActiveCfg = Release|Any CPU
		{11E05891-EC19-4230-BFB4-ABE59CA2092F}.Release|Any CPU.Build.0 = Release|Any CPU
	EndGlobalSection
	GlobalSection(SolutionProperties) = preSolution
		HideSolutionNode = FALSE
	EndGlobalSection
	GlobalSection(ExtensibilityGlobals) = postSolution
		SolutionGuid = {96F24743-7B19-4FAD-8842-4D2F1CD2BD95}
	EndGlobalSection
EndGlobal
